// !$*UTF8*$!
{
	archiveVersion = 1;
	classes = {
	};
	objectVersion = 50;
	objects = {

/* Begin PBXBuildFile section */
		F1D13BB720B9C789005ECB2C /* AppDelegate.swift in Sources */ = {isa = PBXBuildFile; fileRef = F1D13BB620B9C789005ECB2C /* AppDelegate.swift */; };
		F1D13BB920B9C789005ECB2C /* ViewController.swift in Sources */ = {isa = PBXBuildFile; fileRef = F1D13BB820B9C789005ECB2C /* ViewController.swift */; };
		F1D13BBC20B9C789005ECB2C /* Main.storyboard in Resources */ = {isa = PBXBuildFile; fileRef = F1D13BBA20B9C789005ECB2C /* Main.storyboard */; };
		F1D13BBE20B9C78A005ECB2C /* Assets.xcassets in Resources */ = {isa = PBXBuildFile; fileRef = F1D13BBD20B9C78A005ECB2C /* Assets.xcassets */; };
		F1D13BC120B9C78A005ECB2C /* LaunchScreen.storyboard in Resources */ = {isa = PBXBuildFile; fileRef = F1D13BBF20B9C78A005ECB2C /* LaunchScreen.storyboard */; };
		F1E2CC7320B9E35B00FC7FBC /* ARDrawingViewController.swift in Sources */ = {isa = PBXBuildFile; fileRef = F1E2CC7220B9E35B00FC7FBC /* ARDrawingViewController.swift */; };
		F1E2CC7520B9EBE100FC7FBC /* SolarSystemViewController.swift in Sources */ = {isa = PBXBuildFile; fileRef = F1E2CC7420B9EBE100FC7FBC /* SolarSystemViewController.swift */; };
/* End PBXBuildFile section */

/* Begin PBXFileReference section */
		F1D13BB320B9C789005ECB2C /* WorldTracking.app */ = {isa = PBXFileReference; explicitFileType = wrapper.application; includeInIndex = 0; path = WorldTracking.app; sourceTree = BUILT_PRODUCTS_DIR; };
		F1D13BB620B9C789005ECB2C /* AppDelegate.swift */ = {isa = PBXFileReference; lastKnownFileType = sourcecode.swift; path = AppDelegate.swift; sourceTree = "<group>"; };
		F1D13BB820B9C789005ECB2C /* ViewController.swift */ = {isa = PBXFileReference; lastKnownFileType = sourcecode.swift; path = ViewController.swift; sourceTree = "<group>"; };
		F1D13BBB20B9C789005ECB2C /* Base */ = {isa = PBXFileReference; lastKnownFileType = file.storyboard; name = Base; path = Base.lproj/Main.storyboard; sourceTree = "<group>"; };
		F1D13BBD20B9C78A005ECB2C /* Assets.xcassets */ = {isa = PBXFileReference; lastKnownFileType = folder.assetcatalog; path = Assets.xcassets; sourceTree = "<group>"; };
		F1D13BC020B9C78A005ECB2C /* Base */ = {isa = PBXFileReference; lastKnownFileType = file.storyboard; name = Base; path = Base.lproj/LaunchScreen.storyboard; sourceTree = "<group>"; };
		F1D13BC220B9C78A005ECB2C /* Info.plist */ = {isa = PBXFileReference; lastKnownFileType = text.plist.xml; path = Info.plist; sourceTree = "<group>"; };
		F1E2CC7220B9E35B00FC7FBC /* ARDrawingViewController.swift */ = {isa = PBXFileReference; lastKnownFileType = sourcecode.swift; path = ARDrawingViewController.swift; sourceTree = "<group>"; };
		F1E2CC7420B9EBE100FC7FBC /* SolarSystemViewController.swift */ = {isa = PBXFileReference; lastKnownFileType = sourcecode.swift; path = SolarSystemViewController.swift; sourceTree = "<group>"; };
/* End PBXFileReference section */

/* Begin PBXFrameworksBuildPhase section */
		F1D13BB020B9C789005ECB2C /* Frameworks */ = {
			isa = PBXFrameworksBuildPhase;
			buildActionMask = 2147483647;
			files = (
			);
			runOnlyForDeploymentPostprocessing = 0;
		};
/* End PBXFrameworksBuildPhase section */

/* Begin PBXGroup section */
		F1D13BAA20B9C789005ECB2C = {
			isa = PBXGroup;
			children = (
				F1D13BB520B9C789005ECB2C /* WorldTracking */,
				F1D13BB420B9C789005ECB2C /* Products */,
			);
			sourceTree = "<group>";
		};
		F1D13BB420B9C789005ECB2C /* Products */ = {
			isa = PBXGroup;
			children = (
				F1D13BB320B9C789005ECB2C /* WorldTracking.app */,
			);
			name = Products;
			sourceTree = "<group>";
		};
		F1D13BB520B9C789005ECB2C /* WorldTracking */ = {
			isa = PBXGroup;
			children = (
				F1D13BB620B9C789005ECB2C /* AppDelegate.swift */,
				F1D13BB820B9C789005ECB2C /* ViewController.swift */,
				F1E2CC7220B9E35B00FC7FBC /* ARDrawingViewController.swift */,
				F1E2CC7420B9EBE100FC7FBC /* SolarSystemViewController.swift */,
				F1D13BBA20B9C789005ECB2C /* Main.storyboard */,
				F1D13BBD20B9C78A005ECB2C /* Assets.xcassets */,
				F1D13BBF20B9C78A005ECB2C /* LaunchScreen.storyboard */,
				F1D13BC220B9C78A005ECB2C /* Info.plist */,
			);
			path = WorldTracking;
			sourceTree = "<group>";
		};
/* End PBXGroup section */

/* Begin PBXNativeTarget section */
		F1D13BB220B9C789005ECB2C /* WorldTracking */ = {
			isa = PBXNativeTarget;
			buildConfigurationList = F1D13BC520B9C78A005ECB2C /* Build configuration list for PBXNativeTarget "WorldTracking" */;
			buildPhases = (
				F1D13BAF20B9C789005ECB2C /* Sources */,
				F1D13BB020B9C789005ECB2C /* Frameworks */,
				F1D13BB120B9C789005ECB2C /* Resources */,
			);
			buildRules = (
			);
			dependencies = (
			);
			name = WorldTracking;
			productName = WorldTracking;
			productReference = F1D13BB320B9C789005ECB2C /* WorldTracking.app */;
			productType = "com.apple.product-type.application";
		};
/* End PBXNativeTarget section */

/* Begin PBXProject section */
		F1D13BAB20B9C789005ECB2C /* Project object */ = {
			isa = PBXProject;
			attributes = {
				LastSwiftUpdateCheck = 0930;
				LastUpgradeCheck = 0930;
				ORGANIZATIONNAME = "Raman Singh";
				TargetAttributes = {
					F1D13BB220B9C789005ECB2C = {
						CreatedOnToolsVersion = 9.3.1;
					};
				};
			};
			buildConfigurationList = F1D13BAE20B9C789005ECB2C /* Build configuration list for PBXProject "WorldTracking" */;
			compatibilityVersion = "Xcode 9.3";
			developmentRegion = en;
			hasScannedForEncodings = 0;
			knownRegions = (
				en,
				Base,
			);
			mainGroup = F1D13BAA20B9C789005ECB2C;
			productRefGroup = F1D13BB420B9C789005ECB2C /* Products */;
			projectDirPath = "";
			projectRoot = "";
			targets = (
				F1D13BB220B9C789005ECB2C /* WorldTracking */,
			);
		};
/* End PBXProject section */

/* Begin PBXResourcesBuildPhase section */
		F1D13BB120B9C789005ECB2C /* Resources */ = {
			isa = PBXResourcesBuildPhase;
			buildActionMask = 2147483647;
			files = (
				F1D13BC120B9C78A005ECB2C /* LaunchScreen.storyboard in Resources */,
				F1D13BBE20B9C78A005ECB2C /* Assets.xcassets in Resources */,
				F1D13BBC20B9C789005ECB2C /* Main.storyboard in Resources */,
			);
			runOnlyForDeploymentPostprocessing = 0;
		};
/* End PBXResourcesBuildPhase section */

/* Begin PBXSourcesBuildPhase section */
		F1D13BAF20B9C789005ECB2C /* Sources */ = {
			isa = PBXSourcesBuildPhase;
			buildActionMask = 2147483647;
			files = (
				F1D13BB920B9C789005ECB2C /* ViewController.swift in Sources */,
				F1E2CC7320B9E35B00FC7FBC /* ARDrawingViewController.swift in Sources */,
				F1D13BB720B9C789005ECB2C /* AppDelegate.swift in Sources */,
				F1E2CC7520B9EBE100FC7FBC /* SolarSystemViewController.swift in Sources */,
			);
			runOnlyForDeploymentPostprocessing = 0;
		};
/* End PBXSourcesBuildPhase section */

/* Begin PBXVariantGroup section */
		F1D13BBA20B9C789005ECB2C /* Main.storyboard */ = {
			isa = PBXVariantGroup;
			children = (
				F1D13BBB20B9C789005ECB2C /* Base */,
			);
			name = Main.storyboard;
			sourceTree = "<group>";
		};
		F1D13BBF20B9C78A005ECB2C /* LaunchScreen.storyboard */ = {
			isa = PBXVariantGroup;
			children = (
				F1D13BC020B9C78A005ECB2C /* Base */,
			);
			name = LaunchScreen.storyboard;
			sourceTree = "<group>";
		};
/* End PBXVariantGroup section */

/* Begin XCBuildConfiguration section */
		F1D13BC320B9C78A005ECB2C /* Debug */ = {
			isa = XCBuildConfiguration;
			buildSettings = {
				ALWAYS_SEARCH_USER_PATHS = NO;
				CLANG_ANALYZER_NONNULL = YES;
				CLANG_ANALYZER_NUMBER_OBJECT_CONVERSION = YES_AGGRESSIVE;
				CLANG_CXX_LANGUAGE_STANDARD = "gnu++14";
				CLANG_CXX_LIBRARY = "libc++";
				CLANG_ENABLE_MODULES = YES;
				CLANG_ENABLE_OBJC_ARC = YES;
				CLANG_ENABLE_OBJC_WEAK = YES;
				CLANG_WARN_BLOCK_CAPTURE_AUTORELEASING = YES;
				CLANG_WARN_BOOL_CONVERSION = YES;
				CLANG_WARN_COMMA = YES;
				CLANG_WARN_CONSTANT_CONVERSION = YES;
				CLANG_WARN_DEPRECATED_OBJC_IMPLEMENTATIONS = YES;
				CLANG_WARN_DIRECT_OBJC_ISA_USAGE = YES_ERROR;
				CLANG_WARN_DOCUMENTATION_COMMENTS = YES;
				CLANG_WARN_EMPTY_BODY = YES;
				CLANG_WARN_ENUM_CONVERSION = YES;
				CLANG_WARN_INFINITE_RECURSION = YES;
				CLANG_WARN_INT_CONVERSION = YES;
				CLANG_WARN_NON_LITERAL_NULL_CONVERSION = YES;
				CLANG_WARN_OBJC_IMPLICIT_RETAIN_SELF = YES;
				CLANG_WARN_OBJC_LITERAL_CONVERSION = YES;
				CLANG_WARN_OBJC_ROOT_CLASS = YES_ERROR;
				CLANG_WARN_RANGE_LOOP_ANALYSIS = YES;
				CLANG_WARN_STRICT_PROTOTYPES = YES;
				CLANG_WARN_SUSPICIOUS_MOVE = YES;
				CLANG_WARN_UNGUARDED_AVAILABILITY = YES_AGGRESSIVE;
				CLANG_WARN_UNREACHABLE_CODE = YES;
				CLANG_WARN__DUPLICATE_METHOD_MATCH = YES;
				CODE_SIGN_IDENTITY = "iPhone Developer";
				COPY_PHASE_STRIP = NO;
				DEBUG_INFORMATION_FORMAT = dwarf;
				ENABLE_STRICT_OBJC_MSGSEND = YES;
				ENABLE_TESTABILITY = YES;
				GCC_C_LANGUAGE_STANDARD = gnu11;
				GCC_DYNAMIC_NO_PIC = NO;
				GCC_NO_COMMON_BLOCKS = YES;
				GCC_OPTIMIZATION_LEVEL = 0;
				GCC_PREPROCESSOR_DEFINITIONS = (
					"DEBUG=1",
					"$(inherited)",
				);
				GCC_WARN_64_TO_32_BIT_CONVERSION = YES;
				GCC_WARN_ABOUT_RETURN_TYPE = YES_ERROR;
				GCC_WARN_UNDECLARED_SELECTOR = YES;
				GCC_WARN_UNINITIALIZED_AUTOS = YES_AGGRESSIVE;
				GCC_WARN_UNUSED_FUNCTION = YES;
				GCC_WARN_UNUSED_VARIABLE = YES;
				IPHONEOS_DEPLOYMENT_TARGET = 11.3;
				MTL_ENABLE_DEBUG_INFO = YES;
				ONLY_ACTIVE_ARCH = YES;
				SDKROOT = iphoneos;
				SWIFT_ACTIVE_COMPILATION_CONDITIONS = DEBUG;
				SWIFT_OPTIMIZATION_LEVEL = "-Onone";
			};
			name = Debug;
		};
		F1D13BC420B9C78A005ECB2C /* Release */ = {
			isa = XCBuildConfiguration;
			buildSettings = {
				ALWAYS_SEARCH_USER_PATHS = NO;
				CLANG_ANALYZER_NONNULL = YES;
				CLANG_ANALYZER_NUMBER_OBJECT_CONVERSION = YES_AGGRESSIVE;
				CLANG_CXX_LANGUAGE_STANDARD = "gnu++14";
				CLANG_CXX_LIBRARY = "libc++";
				CLANG_ENABLE_MODULES = YES;
				CLANG_ENABLE_OBJC_ARC = YES;
				CLANG_ENABLE_OBJC_WEAK = YES;
				CLANG_WARN_BLOCK_CAPTURE_AUTORELEASING = YES;
				CLANG_WARN_BOOL_CONVERSION = YES;
				CLANG_WARN_COMMA = YES;
				CLANG_WARN_CONSTANT_CONVERSION = YES;
				CLANG_WARN_DEPRECATED_OBJC_IMPLEMENTATIONS = YES;
				CLANG_WARN_DIRECT_OBJC_ISA_USAGE = YES_ERROR;
				CLANG_WARN_DOCUMENTATION_COMMENTS = YES;
				CLANG_WARN_EMPTY_BODY = YES;
				CLANG_WARN_ENUM_CONVERSION = YES;
				CLANG_WARN_INFINITE_RECURSION = YES;
				CLANG_WARN_INT_CONVERSION = YES;
				CLANG_WARN_NON_LITERAL_NULL_CONVERSION = YES;
				CLANG_WARN_OBJC_IMPLICIT_RETAIN_SELF = YES;
				CLANG_WARN_OBJC_LITERAL_CONVERSION = YES;
				CLANG_WARN_OBJC_ROOT_CLASS = YES_ERROR;
				CLANG_WARN_RANGE_LOOP_ANALYSIS = YES;
				CLANG_WARN_STRICT_PROTOTYPES = YES;
				CLANG_WARN_SUSPICIOUS_MOVE = YES;
				CLANG_WARN_UNGUARDED_AVAILABILITY = YES_AGGRESSIVE;
				CLANG_WARN_UNREACHABLE_CODE = YES;
				CLANG_WARN__DUPLICATE_METHOD_MATCH = YES;
				CODE_SIGN_IDENTITY = "iPhone Developer";
				COPY_PHASE_STRIP = NO;
				DEBUG_INFORMATION_FORMAT = "dwarf-with-dsym";
				ENABLE_NS_ASSERTIONS = NO;
				ENABLE_STRICT_OBJC_MSGSEND = YES;
				GCC_C_LANGUAGE_STANDARD = gnu11;
				GCC_NO_COMMON_BLOCKS = YES;
				GCC_WARN_64_TO_32_BIT_CONVERSION = YES;
				GCC_WARN_ABOUT_RETURN_TYPE = YES_ERROR;
				GCC_WARN_UNDECLARED_SELECTOR = YES;
				GCC_WARN_UNINITIALIZED_AUTOS = YES_AGGRESSIVE;
				GCC_WARN_UNUSED_FUNCTION = YES;
				GCC_WARN_UNUSED_VARIABLE = YES;
				IPHONEOS_DEPLOYMENT_TARGET = 11.3;
				MTL_ENABLE_DEBUG_INFO = NO;
				SDKROOT = iphoneos;
				SWIFT_COMPILATION_MODE = wholemodule;
				SWIFT_OPTIMIZATION_LEVEL = "-O";
				VALIDATE_PRODUCT = YES;
			};
			name = Release;
		};
		F1D13BC620B9C78A005ECB2C /* Debug */ = {
			isa = XCBuildConfiguration;
			buildSettings = {
				ASSETCATALOG_COMPILER_APPICON_NAME = AppIcon;
				CODE_SIGN_STYLE = Automatic;
				DEVELOPMENT_TEAM = UE52HE9BWK;
				INFOPLIST_FILE = WorldTracking/Info.plist;
				IPHONEOS_DEPLOYMENT_TARGET = 11.0;
				LD_RUNPATH_SEARCH_PATHS = (
					"$(inherited)",
					"@executable_path/Frameworks",
				);
				PRODUCT_BUNDLE_IDENTIFIER = com.Singh4282.WorldTracking;
				PRODUCT_NAME = "$(TARGET_NAME)";
				SWIFT_VERSION = 4.0;
				TARGETED_DEVICE_FAMILY = "1,2";
			};
			name = Debug;
		};
		F1D13BC720B9C78A005ECB2C /* Release */ = {
			isa = XCBuildConfiguration;
			buildSettings = {
				ASSETCATALOG_COMPILER_APPICON_NAME = AppIcon;
				CODE_SIGN_STYLE = Automatic;
				DEVELOPMENT_TEAM = UE52HE9BWK;
				INFOPLIST_FILE = WorldTracking/Info.plist;
				IPHONEOS_DEPLOYMENT_TARGET = 11.0;
				LD_RUNPATH_SEARCH_PATHS = (
					"$(inherited)",
					"@executable_path/Frameworks",
				);
				PRODUCT_BUNDLE_IDENTIFIER = com.Singh4282.WorldTracking;
				PRODUCT_NAME = "$(TARGET_NAME)";
				SWIFT_VERSION = 4.0;
				TARGETED_DEVICE_FAMILY = "1,2";
			};
			name = Release;
		};
/* End XCBuildConfiguration section */

/* Begin XCConfigurationList section */
		F1D13BAE20B9C789005ECB2C /* Build configuration list for PBXProject "WorldTracking" */ = {
			isa = XCConfigurationList;
			buildConfigurations = (
				F1D13BC320B9C78A005ECB2C /* Debug */,
				F1D13BC420B9C78A005ECB2C /* Release */,
			);
			defaultConfigurationIsVisible = 0;
			defaultConfigurationName = Release;
		};
		F1D13BC520B9C78A005ECB2C /* Build configuration list for PBXNativeTarget "WorldTracking" */ = {
			isa = XCConfigurationList;
			buildConfigurations = (
				F1D13BC620B9C78A005ECB2C /* Debug */,
				F1D13BC720B9C78A005ECB2C /* Release */,
			);
			defaultConfigurationIsVisible = 0;
			defaultConfigurationName = Release;
		};
/* End XCConfigurationList section */
	};
	rootObject = F1D13BAB20B9C789005ECB2C /* Project object */;
}
